Microsoft Visual Studio Solution File, Format Version 11.00
# Visual Studio 2008

Project("{DE04406A-FBA8-AD6E-80F6-A5BDB8701538}") = "MoscowHistoryARUnity", "Assembly-CSharp-firstpass-vs.csproj", "{7CECBB6A-CA31-EBE0-7B79-5AF19C558699}"
EndProject
Project("{DE04406A-FBA8-AD6E-80F6-A5BDB8701538}") = "MoscowHistoryARUnity", "Assembly-CSharp-vs.csproj", "{D9D9EFD0-18C7-97A7-18D6-02549478654B}"
EndProject
Project("{DE04406A-FBA8-AD6E-80F6-A5BDB8701538}") = "MoscowHistoryARUnity", "Assembly-CSharp-Editor-vs.csproj", "{7B8F9488-AC47-4364-E006-7109869683EE}"
EndProject
Global
	GlobalSection(SolutionConfigurationPlatforms) = preSolution
		Debug|Any CPU = Debug|Any CPU
		Release|Any CPU = Release|Any CPU
	EndGlobalSection
	GlobalSection(ProjectConfigurationPlatforms) = postSolution
		{7CECBB6A-CA31-EBE0-7B79-5AF19C558699}.Debug|Any CPU.ActiveCfg = Debug|Any CPU
		{7CECBB6A-CA31-EBE0-7B79-5AF19C558699}.Debug|Any CPU.Build.0 = Debug|Any CPU
		{7CECBB6A-CA31-EBE0-7B79-5AF19C558699}.Release|Any CPU.ActiveCfg = Release|Any CPU
		{7CECBB6A-CA31-EBE0-7B79-5AF19C558699}.Release|Any CPU.Build.0 = Release|Any CPU
		{D9D9EFD0-18C7-97A7-18D6-02549478654B}.Debug|Any CPU.ActiveCfg = Debug|Any CPU
		{D9D9EFD0-18C7-97A7-18D6-02549478654B}.Debug|Any CPU.Build.0 = Debug|Any CPU
		{D9D9EFD0-18C7-97A7-18D6-02549478654B}.Release|Any CPU.ActiveCfg = Release|Any CPU
		{D9D9EFD0-18C7-97A7-18D6-02549478654B}.Release|Any CPU.Build.0 = Release|Any CPU
		{7B8F9488-AC47-4364-E006-7109869683EE}.Debug|Any CPU.ActiveCfg = Debug|Any CPU
		{7B8F9488-AC47-4364-E006-7109869683EE}.Debug|Any CPU.Build.0 = Debug|Any CPU
		{7B8F9488-AC47-4364-E006-7109869683EE}.Release|Any CPU.ActiveCfg = Release|Any CPU
		{7B8F9488-AC47-4364-E006-7109869683EE}.Release|Any CPU.Build.0 = Release|Any CPU
	EndGlobalSection
	GlobalSection(SolutionProperties) = preSolution
		HideSolutionNode = FALSE
	EndGlobalSection
																																					GlobalSection(MonoDevelopProperties) = preSolution
		StartupItem = Assembly-CSharp.csproj
		Policies = $0
		$0.TextStylePolicy = $1
		$1.inheritsSet = null
		$1.scope = text/x-csharp
		$0.CSharpFormattingPolicy = $2
		$2.inheritsSet = Mono
		$2.inheritsScope = text/x-csharp
		$2.scope = text/x-csharp
		$0.TextStylePolicy = $3
		$3.FileWidth = 120
		$3.TabWidth = 4
		$3.EolMarker = Unix
		$3.inheritsSet = Mono
		$3.inheritsScope = text/plain
		$3.scope = text/plain
	EndGlobalSection

EndGlobal
